// !$*UTF8*$!
{
	archiveVersion = 1;
	classes = {
	};
	objectVersion = 56;
	objects = {

/* Begin PBXBuildFile section */
		721B401B2D0F6104008CCBB2 /* CribMatchApp.swift in Sources */ = {isa = PBXBuildFile; fileRef = 721B401A2D0F6104008CCBB2 /* CribMatchApp.swift */; };
		721B401D2D0F6104008CCBB2 /* ContentView.swift in Sources */ = {isa = PBXBuildFile; fileRef = 721B401C2D0F6104008CCBB2 /* ContentView.swift */; };
		721B401F2D0F6105008CCBB2 /* Assets.xcassets in Resources */ = {isa = PBXBuildFile; fileRef = 721B401E2D0F6105008CCBB2 /* Assets.xcassets */; };
		721B40222D0F6105008CCBB2 /* Preview Assets.xcassets in Resources */ = {isa = PBXBuildFile; fileRef = 721B40212D0F6105008CCBB2 /* Preview Assets.xcassets */; };
		721B402C2D0F62B7008CCBB2 /* Property.swift in Sources */ = {isa = PBXBuildFile; fileRef = 721B402B2D0F62B7008CCBB2 /* Property.swift */; };
		721B402E2D0F62CD008CCBB2 /* PropertyCardView.swift in Sources */ = {isa = PBXBuildFile; fileRef = 721B402D2D0F62CD008CCBB2 /* PropertyCardView.swift */; };
		721B40302D0F62DC008CCBB2 /* PropertySwipeView.swift in Sources */ = {isa = PBXBuildFile; fileRef = 721B402F2D0F62DC008CCBB2 /* PropertySwipeView.swift */; };
		721B40322D0F62EB008CCBB2 /* PropertyRowView.swift in Sources */ = {isa = PBXBuildFile; fileRef = 721B40312D0F62EB008CCBB2 /* PropertyRowView.swift */; };
		721B40342D0F6301008CCBB2 /* PropertyManager.swift in Sources */ = {isa = PBXBuildFile; fileRef = 721B40332D0F6301008CCBB2 /* PropertyManager.swift */; };
		721B40372D0F6979008CCBB2 /* Extensions.swift in Sources */ = {isa = PBXBuildFile; fileRef = 721B40362D0F6979008CCBB2 /* Extensions.swift */; };
		7280745C2D1F7005008CB8A3 /* PropertyDetailView.swift in Sources */ = {isa = PBXBuildFile; fileRef = 7280745B2D1F7005008CB8A3 /* PropertyDetailView.swift */; };
/* End PBXBuildFile section */

/* Begin PBXFileReference section */
		721B40172D0F6104008CCBB2 /* CribMatch.app */ = {isa = PBXFileReference; explicitFileType = wrapper.application; includeInIndex = 0; path = CribMatch.app; sourceTree = BUILT_PRODUCTS_DIR; };
		721B401A2D0F6104008CCBB2 /* CribMatchApp.swift */ = {isa = PBXFileReference; lastKnownFileType = sourcecode.swift; path = CribMatchApp.swift; sourceTree = "<group>"; };
		721B401C2D0F6104008CCBB2 /* ContentView.swift */ = {isa = PBXFileReference; lastKnownFileType = sourcecode.swift; path = ContentView.swift; sourceTree = "<group>"; };
		721B401E2D0F6105008CCBB2 /* Assets.xcassets */ = {isa = PBXFileReference; lastKnownFileType = folder.assetcatalog; path = Assets.xcassets; sourceTree = "<group>"; };
		721B40212D0F6105008CCBB2 /* Preview Assets.xcassets */ = {isa = PBXFileReference; lastKnownFileType = folder.assetcatalog; path = "Preview Assets.xcassets"; sourceTree = "<group>"; };
		721B402B2D0F62B7008CCBB2 /* Property.swift */ = {isa = PBXFileReference; lastKnownFileType = sourcecode.swift; path = Property.swift; sourceTree = "<group>"; };
		721B402D2D0F62CD008CCBB2 /* PropertyCardView.swift */ = {isa = PBXFileReference; lastKnownFileType = sourcecode.swift; path = PropertyCardView.swift; sourceTree = "<group>"; };
		721B402F2D0F62DC008CCBB2 /* PropertySwipeView.swift */ = {isa = PBXFileReference; lastKnownFileType = sourcecode.swift; path = PropertySwipeView.swift; sourceTree = "<group>"; };
		721B40312D0F62EB008CCBB2 /* PropertyRowView.swift */ = {isa = PBXFileReference; lastKnownFileType = sourcecode.swift; path = PropertyRowView.swift; sourceTree = "<group>"; };
		721B40332D0F6301008CCBB2 /* PropertyManager.swift */ = {isa = PBXFileReference; lastKnownFileType = sourcecode.swift; path = PropertyManager.swift; sourceTree = "<group>"; };
		721B40362D0F6979008CCBB2 /* Extensions.swift */ = {isa = PBXFileReference; lastKnownFileType = sourcecode.swift; path = Extensions.swift; sourceTree = "<group>"; };
		7280745B2D1F7005008CB8A3 /* PropertyDetailView.swift */ = {isa = PBXFileReference; lastKnownFileType = sourcecode.swift; path = PropertyDetailView.swift; sourceTree = "<group>"; };
/* End PBXFileReference section */

/* Begin PBXFrameworksBuildPhase section */
		721B40142D0F6104008CCBB2 /* Frameworks */ = {
			isa = PBXFrameworksBuildPhase;
			buildActionMask = 2147483647;
			files = (
			);
			runOnlyForDeploymentPostprocessing = 0;
		};
/* End PBXFrameworksBuildPhase section */

/* Begin PBXGroup section */
		721B400E2D0F6104008CCBB2 = {
			isa = PBXGroup;
			children = (
				721B40192D0F6104008CCBB2 /* CribMatch */,
				721B40182D0F6104008CCBB2 /* Products */,
			);
			sourceTree = "<group>";
		};
		721B40182D0F6104008CCBB2 /* Products */ = {
			isa = PBXGroup;
			children = (
				721B40172D0F6104008CCBB2 /* CribMatch.app */,
			);
			name = Products;
			sourceTree = "<group>";
		};
		721B40192D0F6104008CCBB2 /* CribMatch */ = {
			isa = PBXGroup;
			children = (
				721B40352D0F6958008CCBB2 /* Utilities */,
				721B402A2D0F6296008CCBB2 /* ViewModels */,
				721B40292D0F6288008CCBB2 /* Views */,
				721B40282D0F627A008CCBB2 /* Models */,
				721B401A2D0F6104008CCBB2 /* CribMatchApp.swift */,
				721B401C2D0F6104008CCBB2 /* ContentView.swift */,
				721B401E2D0F6105008CCBB2 /* Assets.xcassets */,
				721B40202D0F6105008CCBB2 /* Preview Content */,
			);
			path = CribMatch;
			sourceTree = "<group>";
		};
		721B40202D0F6105008CCBB2 /* Preview Content */ = {
			isa = PBXGroup;
			children = (
				721B40212D0F6105008CCBB2 /* Preview Assets.xcassets */,
			);
			path = "Preview Content";
			sourceTree = "<group>";
		};
		721B40282D0F627A008CCBB2 /* Models */ = {
			isa = PBXGroup;
			children = (
				721B402B2D0F62B7008CCBB2 /* Property.swift */,
			);
			path = Models;
			sourceTree = "<group>";
		};
		721B40292D0F6288008CCBB2 /* Views */ = {
			isa = PBXGroup;
			children = (
				721B402D2D0F62CD008CCBB2 /* PropertyCardView.swift */,
				721B402F2D0F62DC008CCBB2 /* PropertySwipeView.swift */,
				721B40312D0F62EB008CCBB2 /* PropertyRowView.swift */,
				7280745B2D1F7005008CB8A3 /* PropertyDetailView.swift */,
			);
			path = Views;
			sourceTree = "<group>";
		};
		721B402A2D0F6296008CCBB2 /* ViewModels */ = {
			isa = PBXGroup;
			children = (
				721B40332D0F6301008CCBB2 /* PropertyManager.swift */,
			);
			path = ViewModels;
			sourceTree = "<group>";
		};
		721B40352D0F6958008CCBB2 /* Utilities */ = {
			isa = PBXGroup;
			children = (
				721B40362D0F6979008CCBB2 /* Extensions.swift */,
			);
			path = Utilities;
			sourceTree = "<group>";
		};
/* End PBXGroup section */

/* Begin PBXNativeTarget section */
		721B40162D0F6104008CCBB2 /* CribMatch */ = {
			isa = PBXNativeTarget;
			buildConfigurationList = 721B40252D0F6105008CCBB2 /* Build configuration list for PBXNativeTarget "CribMatch" */;
			buildPhases = (
				721B40132D0F6104008CCBB2 /* Sources */,
				721B40142D0F6104008CCBB2 /* Frameworks */,
				721B40152D0F6104008CCBB2 /* Resources */,
			);
			buildRules = (
			);
			dependencies = (
			);
			name = CribMatch;
			productName = CribMatch;
			productReference = 721B40172D0F6104008CCBB2 /* CribMatch.app */;
			productType = "com.apple.product-type.application";
		};
/* End PBXNativeTarget section */

/* Begin PBXProject section */
		721B400F2D0F6104008CCBB2 /* Project object */ = {
			isa = PBXProject;
			attributes = {
				BuildIndependentTargetsInParallel = 1;
				LastSwiftUpdateCheck = 1520;
				LastUpgradeCheck = 1520;
				TargetAttributes = {
					721B40162D0F6104008CCBB2 = {
						CreatedOnToolsVersion = 15.2;
					};
				};
			};
			buildConfigurationList = 721B40122D0F6104008CCBB2 /* Build configuration list for PBXProject "CribMatch" */;
			compatibilityVersion = "Xcode 14.0";
			developmentRegion = en;
			hasScannedForEncodings = 0;
			knownRegions = (
				en,
				Base,
			);
			mainGroup = 721B400E2D0F6104008CCBB2;
			productRefGroup = 721B40182D0F6104008CCBB2 /* Products */;
			projectDirPath = "";
			projectRoot = "";
			targets = (
				721B40162D0F6104008CCBB2 /* CribMatch */,
			);
		};
/* End PBXProject section */

/* Begin PBXResourcesBuildPhase section */
		721B40152D0F6104008CCBB2 /* Resources */ = {
			isa = PBXResourcesBuildPhase;
			buildActionMask = 2147483647;
			files = (
				721B40222D0F6105008CCBB2 /* Preview Assets.xcassets in Resources */,
				721B401F2D0F6105008CCBB2 /* Assets.xcassets in Resources */,
			);
			runOnlyForDeploymentPostprocessing = 0;
		};
/* End PBXResourcesBuildPhase section */

/* Begin PBXSourcesBuildPhase section */
		721B40132D0F6104008CCBB2 /* Sources */ = {
			isa = PBXSourcesBuildPhase;
			buildActionMask = 2147483647;
			files = (
				721B40342D0F6301008CCBB2 /* PropertyManager.swift in Sources */,
				721B40322D0F62EB008CCBB2 /* PropertyRowView.swift in Sources */,
				721B402C2D0F62B7008CCBB2 /* Property.swift in Sources */,
				721B40372D0F6979008CCBB2 /* Extensions.swift in Sources */,
				721B40302D0F62DC008CCBB2 /* PropertySwipeView.swift in Sources */,
				721B401D2D0F6104008CCBB2 /* ContentView.swift in Sources */,
				7280745C2D1F7005008CB8A3 /* PropertyDetailView.swift in Sources */,
				721B401B2D0F6104008CCBB2 /* CribMatchApp.swift in Sources */,
				721B402E2D0F62CD008CCBB2 /* PropertyCardView.swift in Sources */,
			);
			runOnlyForDeploymentPostprocessing = 0;
		};
/* End PBXSourcesBuildPhase section */

/* Begin XCBuildConfiguration section */
		721B40232D0F6105008CCBB2 /* Debug */ = {
			isa = XCBuildConfiguration;
			buildSettings = {
				ALWAYS_SEARCH_USER_PATHS = NO;
				ASSETCATALOG_COMPILER_GENERATE_SWIFT_ASSET_SYMBOL_EXTENSIONS = YES;
				CLANG_ANALYZER_NONNULL = YES;
				CLANG_ANALYZER_NUMBER_OBJECT_CONVERSION = YES_AGGRESSIVE;
				CLANG_CXX_LANGUAGE_STANDARD = "gnu++20";
				CLANG_ENABLE_MODULES = YES;
				CLANG_ENABLE_OBJC_ARC = YES;
				CLANG_ENABLE_OBJC_WEAK = YES;
				CLANG_WARN_BLOCK_CAPTURE_AUTORELEASING = YES;
				CLANG_WARN_BOOL_CONVERSION = YES;
				CLANG_WARN_COMMA = YES;
				CLANG_WARN_CONSTANT_CONVERSION = YES;
				CLANG_WARN_DEPRECATED_OBJC_IMPLEMENTATIONS = YES;
				CLANG_WARN_DIRECT_OBJC_ISA_USAGE = YES_ERROR;
				CLANG_WARN_DOCUMENTATION_COMMENTS = YES;
				CLANG_WARN_EMPTY_BODY = YES;
				CLANG_WARN_ENUM_CONVERSION = YES;
				CLANG_WARN_INFINITE_RECURSION = YES;
				CLANG_WARN_INT_CONVERSION = YES;
				CLANG_WARN_NON_LITERAL_NULL_CONVERSION = YES;
				CLANG_WARN_OBJC_IMPLICIT_RETAIN_SELF = YES;
				CLANG_WARN_OBJC_LITERAL_CONVERSION = YES;
				CLANG_WARN_OBJC_ROOT_CLASS = YES_ERROR;
				CLANG_WARN_QUOTED_INCLUDE_IN_FRAMEWORK_HEADER = YES;
				CLANG_WARN_RANGE_LOOP_ANALYSIS = YES;
				CLANG_WARN_STRICT_PROTOTYPES = YES;
				CLANG_WARN_SUSPICIOUS_MOVE = YES;
				CLANG_WARN_UNGUARDED_AVAILABILITY = YES_AGGRESSIVE;
				CLANG_WARN_UNREACHABLE_CODE = YES;
				CLANG_WARN__DUPLICATE_METHOD_MATCH = YES;
				COPY_PHASE_STRIP = NO;
				DEBUG_INFORMATION_FORMAT = dwarf;
				ENABLE_STRICT_OBJC_MSGSEND = YES;
				ENABLE_TESTABILITY = YES;
				ENABLE_USER_SCRIPT_SANDBOXING = YES;
				GCC_C_LANGUAGE_STANDARD = gnu17;
				GCC_DYNAMIC_NO_PIC = NO;
				GCC_NO_COMMON_BLOCKS = YES;
				GCC_OPTIMIZATION_LEVEL = 0;
				GCC_PREPROCESSOR_DEFINITIONS = (
					"DEBUG=1",
					"$(inherited)",
				);
				GCC_WARN_64_TO_32_BIT_CONVERSION = YES;
				GCC_WARN_ABOUT_RETURN_TYPE = YES_ERROR;
				GCC_WARN_UNDECLARED_SELECTOR = YES;
				GCC_WARN_UNINITIALIZED_AUTOS = YES_AGGRESSIVE;
				GCC_WARN_UNUSED_FUNCTION = YES;
				GCC_WARN_UNUSED_VARIABLE = YES;
				IPHONEOS_DEPLOYMENT_TARGET = 17.2;
				LOCALIZATION_PREFERS_STRING_CATALOGS = YES;
				MTL_ENABLE_DEBUG_INFO = INCLUDE_SOURCE;
				MTL_FAST_MATH = YES;
				ONLY_ACTIVE_ARCH = YES;
				SDKROOT = iphoneos;
				SWIFT_ACTIVE_COMPILATION_CONDITIONS = "DEBUG $(inherited)";
				SWIFT_OPTIMIZATION_LEVEL = "-Onone";
			};
			name = Debug;
		};
		721B40242D0F6105008CCBB2 /* Release */ = {
			isa = XCBuildConfiguration;
			buildSettings = {
				ALWAYS_SEARCH_USER_PATHS = NO;
				ASSETCATALOG_COMPILER_GENERATE_SWIFT_ASSET_SYMBOL_EXTENSIONS = YES;
				CLANG_ANALYZER_NONNULL = YES;
				CLANG_ANALYZER_NUMBER_OBJECT_CONVERSION = YES_AGGRESSIVE;
				CLANG_CXX_LANGUAGE_STANDARD = "gnu++20";
				CLANG_ENABLE_MODULES = YES;
				CLANG_ENABLE_OBJC_ARC = YES;
				CLANG_ENABLE_OBJC_WEAK = YES;
				CLANG_WARN_BLOCK_CAPTURE_AUTORELEASING = YES;
				CLANG_WARN_BOOL_CONVERSION = YES;
				CLANG_WARN_COMMA = YES;
				CLANG_WARN_CONSTANT_CONVERSION = YES;
				CLANG_WARN_DEPRECATED_OBJC_IMPLEMENTATIONS = YES;
				CLANG_WARN_DIRECT_OBJC_ISA_USAGE = YES_ERROR;
				CLANG_WARN_DOCUMENTATION_COMMENTS = YES;
				CLANG_WARN_EMPTY_BODY = YES;
				CLANG_WARN_ENUM_CONVERSION = YES;
				CLANG_WARN_INFINITE_RECURSION = YES;
				CLANG_WARN_INT_CONVERSION = YES;
				CLANG_WARN_NON_LITERAL_NULL_CONVERSION = YES;
				CLANG_WARN_OBJC_IMPLICIT_RETAIN_SELF = YES;
				CLANG_WARN_OBJC_LITERAL_CONVERSION = YES;
				CLANG_WARN_OBJC_ROOT_CLASS = YES_ERROR;
				CLANG_WARN_QUOTED_INCLUDE_IN_FRAMEWORK_HEADER = YES;
				CLANG_WARN_RANGE_LOOP_ANALYSIS = YES;
				CLANG_WARN_STRICT_PROTOTYPES = YES;
				CLANG_WARN_SUSPICIOUS_MOVE = YES;
				CLANG_WARN_UNGUARDED_AVAILABILITY = YES_AGGRESSIVE;
				CLANG_WARN_UNREACHABLE_CODE = YES;
				CLANG_WARN__DUPLICATE_METHOD_MATCH = YES;
				COPY_PHASE_STRIP = NO;
				DEBUG_INFORMATION_FORMAT = "dwarf-with-dsym";
				ENABLE_NS_ASSERTIONS = NO;
				ENABLE_STRICT_OBJC_MSGSEND = YES;
				ENABLE_USER_SCRIPT_SANDBOXING = YES;
				GCC_C_LANGUAGE_STANDARD = gnu17;
				GCC_NO_COMMON_BLOCKS = YES;
				GCC_WARN_64_TO_32_BIT_CONVERSION = YES;
				GCC_WARN_ABOUT_RETURN_TYPE = YES_ERROR;
				GCC_WARN_UNDECLARED_SELECTOR = YES;
				GCC_WARN_UNINITIALIZED_AUTOS = YES_AGGRESSIVE;
				GCC_WARN_UNUSED_FUNCTION = YES;
				GCC_WARN_UNUSED_VARIABLE = YES;
				IPHONEOS_DEPLOYMENT_TARGET = 17.2;
				LOCALIZATION_PREFERS_STRING_CATALOGS = YES;
				MTL_ENABLE_DEBUG_INFO = NO;
				MTL_FAST_MATH = YES;
				SDKROOT = iphoneos;
				SWIFT_COMPILATION_MODE = wholemodule;
				VALIDATE_PRODUCT = YES;
			};
			name = Release;
		};
		721B40262D0F6105008CCBB2 /* Debug */ = {
			isa = XCBuildConfiguration;
			buildSettings = {
				ASSETCATALOG_COMPILER_APPICON_NAME = AppIcon;
				ASSETCATALOG_COMPILER_GLOBAL_ACCENT_COLOR_NAME = AccentColor;
				CODE_SIGN_STYLE = Automatic;
				CURRENT_PROJECT_VERSION = 1;
				DEVELOPMENT_ASSET_PATHS = "\"CribMatch/Preview Content\"";
				DEVELOPMENT_TEAM = 52457YCG5N;
				ENABLE_PREVIEWS = YES;
				GENERATE_INFOPLIST_FILE = YES;
				INFOPLIST_KEY_UIApplicationSceneManifest_Generation = YES;
				INFOPLIST_KEY_UIApplicationSupportsIndirectInputEvents = YES;
				INFOPLIST_KEY_UILaunchScreen_Generation = YES;
				INFOPLIST_KEY_UISupportedInterfaceOrientations_iPad = "UIInterfaceOrientationPortrait UIInterfaceOrientationPortraitUpsideDown UIInterfaceOrientationLandscapeLeft UIInterfaceOrientationLandscapeRight";
				INFOPLIST_KEY_UISupportedInterfaceOrientations_iPhone = "UIInterfaceOrientationPortrait UIInterfaceOrientationLandscapeLeft UIInterfaceOrientationLandscapeRight";
				LD_RUNPATH_SEARCH_PATHS = (
					"$(inherited)",
					"@executable_path/Frameworks",
				);
				MARKETING_VERSION = 1.0;
				PRODUCT_BUNDLE_IDENTIFIER = haik.CribMatch;
				PRODUCT_NAME = "$(TARGET_NAME)";
				SWIFT_EMIT_LOC_STRINGS = YES;
				SWIFT_VERSION = 5.0;
				TARGETED_DEVICE_FAMILY = "1,2";
			};
			name = Debug;
		};
		721B40272D0F6105008CCBB2 /* Release */ = {
			isa = XCBuildConfiguration;
			buildSettings = {
				ASSETCATALOG_COMPILER_APPICON_NAME = AppIcon;
				ASSETCATALOG_COMPILER_GLOBAL_ACCENT_COLOR_NAME = AccentColor;
				CODE_SIGN_STYLE = Automatic;
				CURRENT_PROJECT_VERSION = 1;
				DEVELOPMENT_ASSET_PATHS = "\"CribMatch/Preview Content\"";
				DEVELOPMENT_TEAM = 52457YCG5N;
				ENABLE_PREVIEWS = YES;
				GENERATE_INFOPLIST_FILE = YES;
				INFOPLIST_KEY_UIApplicationSceneManifest_Generation = YES;
				INFOPLIST_KEY_UIApplicationSupportsIndirectInputEvents = YES;
				INFOPLIST_KEY_UILaunchScreen_Generation = YES;
				INFOPLIST_KEY_UISupportedInterfaceOrientations_iPad = "UIInterfaceOrientationPortrait UIInterfaceOrientationPortraitUpsideDown UIInterfaceOrientationLandscapeLeft UIInterfaceOrientationLandscapeRight";
				INFOPLIST_KEY_UISupportedInterfaceOrientations_iPhone = "UIInterfaceOrientationPortrait UIInterfaceOrientationLandscapeLeft UIInterfaceOrientationLandscapeRight";
				LD_RUNPATH_SEARCH_PATHS = (
					"$(inherited)",
					"@executable_path/Frameworks",
				);
				MARKETING_VERSION = 1.0;
				PRODUCT_BUNDLE_IDENTIFIER = haik.CribMatch;
				PRODUCT_NAME = "$(TARGET_NAME)";
				SWIFT_EMIT_LOC_STRINGS = YES;
				SWIFT_VERSION = 5.0;
				TARGETED_DEVICE_FAMILY = "1,2";
			};
			name = Release;
		};
/* End XCBuildConfiguration section */

/* Begin XCConfigurationList section */
		721B40122D0F6104008CCBB2 /* Build configuration list for PBXProject "CribMatch" */ = {
			isa = XCConfigurationList;
			buildConfigurations = (
				721B40232D0F6105008CCBB2 /* Debug */,
				721B40242D0F6105008CCBB2 /* Release */,
			);
			defaultConfigurationIsVisible = 0;
			defaultConfigurationName = Release;
		};
		721B40252D0F6105008CCBB2 /* Build configuration list for PBXNativeTarget "CribMatch" */ = {
			isa = XCConfigurationList;
			buildConfigurations = (
				721B40262D0F6105008CCBB2 /* Debug */,
				721B40272D0F6105008CCBB2 /* Release */,
			);
			defaultConfigurationIsVisible = 0;
			defaultConfigurationName = Release;
		};
/* End XCConfigurationList section */
	};
	rootObject = 721B400F2D0F6104008CCBB2 /* Project object */;
}
